{
  "requires": true,
  "lockfileVersion": 1,
  "dependencies": {
    "htm": {
      "version": "2.1.1",
      "resolved": "https://registry.npmjs.org/htm/-/htm-2.1.1.tgz",
      "integrity": "sha512-jgvB9nvlOE5xpI1W+juW8DPCe+Pn7mRDNaE4EOQNFqROm0O3l5deOvefK8C8hUaL1OHIX45mDEBSj7BMt+22VQ=="
    }
  }
}
